
Microsoft Visual Studio Solution File, Format Version 12.00
# Visual Studio Version 17
VisualStudioVersion = 17.8.34525.116
MinimumVisualStudioVersion = 10.0.40219.1
Project("{FAE04EC0-301F-11D3-BF4B-00C04F79EFBC}") = "sudoku", "sudoku\sudoku.csproj", "{4EF516C3-CF03-4FC6-B53A-7B1F6DAC2B4E}"
EndProject
Global
	GlobalSection(SolutionConfigurationPlatforms) = preSolution
		Debug|Any CPU = Debug|Any CPU
		Release|Any CPU = Release|Any CPU
	EndGlobalSection
	GlobalSection(ProjectConfigurationPlatforms) = postSolution
		{4EF516C3-CF03-4FC6-B53A-7B1F6DAC2B4E}.Debug|Any CPU.ActiveCfg = Debug|Any CPU
		{4EF516C3-CF03-4FC6-B53A-7B1F6DAC2B4E}.Debug|Any CPU.Build.0 = Debug|Any CPU
		{4EF516C3-CF03-4FC6-B53A-7B1F6DAC2B4E}.Release|Any CPU.ActiveCfg = Release|Any CPU
		{4EF516C3-CF03-4FC6-B53A-7B1F6DAC2B4E}.Release|Any CPU.Build.0 = Release|Any CPU
	EndGlobalSection
	GlobalSection(SolutionProperties) = preSolution
		HideSolutionNode = FALSE
	EndGlobalSection
	GlobalSection(ExtensibilityGlobals) = postSolution
		SolutionGuid = {3D5A45BE-4A1F-4EFA-8071-610DF68B1AD8}
	EndGlobalSection
EndGlobal
